
Microsoft Visual Studio Solution File, Format Version 12.00
# Visual Studio Version 16
VisualStudioVersion = 16.0.29306.81
MinimumVisualStudioVersion = 10.0.40219.1
Project("{FAE04EC0-301F-11D3-BF4B-00C04F79EFBC}") = "AuthenticationAndAuthorize", "AuthenticationAndAuthorize\AuthenticationAndAuthorize.csproj", "{F164F662-1943-48BA-BA20-501438EEB8C7}"
EndProject
Global
	GlobalSection(SolutionConfigurationPlatforms) = preSolution
		Debug|Any CPU = Debug|Any CPU
		Release|Any CPU = Release|Any CPU
	EndGlobalSection
	GlobalSection(ProjectConfigurationPlatforms) = postSolution
		{F164F662-1943-48BA-BA20-501438EEB8C7}.Debug|Any CPU.ActiveCfg = Debug|Any CPU
		{F164F662-1943-48BA-BA20-501438EEB8C7}.Debug|Any CPU.Build.0 = Debug|Any CPU
		{F164F662-1943-48BA-BA20-501438EEB8C7}.Release|Any CPU.ActiveCfg = Release|Any CPU
		{F164F662-1943-48BA-BA20-501438EEB8C7}.Release|Any CPU.Build.0 = Release|Any CPU
	EndGlobalSection
	GlobalSection(SolutionProperties) = preSolution
		HideSolutionNode = FALSE
	EndGlobalSection
	GlobalSection(ExtensibilityGlobals) = postSolution
		SolutionGuid = {AFBD99CF-D68F-458F-928B-9F8BE717A7E3}
	EndGlobalSection
EndGlobal
